// !$*UTF8*$!
{
	archiveVersion = 1;
	classes = {
	};
	objectVersion = 50;
	objects = {

/* Begin PBXBuildFile section */
		012C4A1425416007006E094A /* TestViewController.swift in Sources */ = {isa = PBXBuildFile; fileRef = 012C4A1325416007006E094A /* TestViewController.swift */; };
		012C4A182541602C006E094A /* TestCoordinator.swift in Sources */ = {isa = PBXBuildFile; fileRef = 012C4A172541602C006E094A /* TestCoordinator.swift */; };
		012C4A1C25416043006E094A /* TestViewModel.swift in Sources */ = {isa = PBXBuildFile; fileRef = 012C4A1B25416043006E094A /* TestViewModel.swift */; };
		6CE444880186959382D0ACF7 /* Pods_Coordinator_MVVM_Rx_Example.framework in Frameworks */ = {isa = PBXBuildFile; fileRef = FDB20983AEF639B55B68FDE9 /* Pods_Coordinator_MVVM_Rx_Example.framework */; };
		7286FB49222E3FE700538946 /* AppDelegate.swift in Sources */ = {isa = PBXBuildFile; fileRef = 7286FB48222E3FE700538946 /* AppDelegate.swift */; };
		7286FB4E222E3FE700538946 /* Main.storyboard in Resources */ = {isa = PBXBuildFile; fileRef = 7286FB4C222E3FE700538946 /* Main.storyboard */; };
		7286FB50222E3FE900538946 /* Assets.xcassets in Resources */ = {isa = PBXBuildFile; fileRef = 7286FB4F222E3FE900538946 /* Assets.xcassets */; };
		7286FB53222E3FE900538946 /* LaunchScreen.storyboard in Resources */ = {isa = PBXBuildFile; fileRef = 7286FB51222E3FE900538946 /* LaunchScreen.storyboard */; };
		7286FB5E222E3FE900538946 /* Coordinator_MVVM_Rx_ExampleTests.swift in Sources */ = {isa = PBXBuildFile; fileRef = 7286FB5D222E3FE900538946 /* Coordinator_MVVM_Rx_ExampleTests.swift */; };
		7286FB70222E431100538946 /* LoginViewController.swift in Sources */ = {isa = PBXBuildFile; fileRef = 7286FB6F222E431100538946 /* LoginViewController.swift */; };
		7286FB72222E43B900538946 /* LoginViewModel.swift in Sources */ = {isa = PBXBuildFile; fileRef = 7286FB71222E43B900538946 /* LoginViewModel.swift */; };
		7286FB74222E444E00538946 /* Podfile in Resources */ = {isa = PBXBuildFile; fileRef = 7286FB73222E444E00538946 /* Podfile */; };
		7286FB76222E48A100538946 /* LoginCoordinator.swift in Sources */ = {isa = PBXBuildFile; fileRef = 7286FB75222E48A100538946 /* LoginCoordinator.swift */; };
		7286FB79222E496900538946 /* BaseCoordinator.swift in Sources */ = {isa = PBXBuildFile; fileRef = 7286FB78222E496900538946 /* BaseCoordinator.swift */; };
		7286FB7B222E49FC00538946 /* AppCoordinator.swift in Sources */ = {isa = PBXBuildFile; fileRef = 7286FB7A222E49FC00538946 /* AppCoordinator.swift */; };
		7286FB7E222E4F7700538946 /* StoryboardInitializable.swift in Sources */ = {isa = PBXBuildFile; fileRef = 7286FB7D222E4F7700538946 /* StoryboardInitializable.swift */; };
		7286FB84222E515200538946 /* Storyboard.swift in Sources */ = {isa = PBXBuildFile; fileRef = 7286FB83222E515200538946 /* Storyboard.swift */; };
		7286FB86222E727100538946 /* MainViewController.swift in Sources */ = {isa = PBXBuildFile; fileRef = 7286FB85222E727100538946 /* MainViewController.swift */; };
		7286FB88222E72A900538946 /* MainViewModel.swift in Sources */ = {isa = PBXBuildFile; fileRef = 7286FB87222E72A900538946 /* MainViewModel.swift */; };
		7286FB8A222E73F800538946 /* MainCoordinator.swift in Sources */ = {isa = PBXBuildFile; fileRef = 7286FB89222E73F800538946 /* MainCoordinator.swift */; };
		728A2603222F882D00654DAE /* LeftTabViewController.swift in Sources */ = {isa = PBXBuildFile; fileRef = 728A2602222F882D00654DAE /* LeftTabViewController.swift */; };
		728A2605222F884400654DAE /* LeftTabViewModel.swift in Sources */ = {isa = PBXBuildFile; fileRef = 728A2604222F884400654DAE /* LeftTabViewModel.swift */; };
		728A2607222F88B900654DAE /* RightTabViewController.swift in Sources */ = {isa = PBXBuildFile; fileRef = 728A2606222F88B900654DAE /* RightTabViewController.swift */; };
		728A2609222F88C500654DAE /* RightTabViewModel.swift in Sources */ = {isa = PBXBuildFile; fileRef = 728A2608222F88C500654DAE /* RightTabViewModel.swift */; };
		728A260B222F8AD800654DAE /* LeftTabCoordinator.swift in Sources */ = {isa = PBXBuildFile; fileRef = 728A260A222F8AD800654DAE /* LeftTabCoordinator.swift */; };
		728A260D222F8AE600654DAE /* RightTabCoordinator.swift in Sources */ = {isa = PBXBuildFile; fileRef = 728A260C222F8AE600654DAE /* RightTabCoordinator.swift */; };
		875DDE22222FC2FE0098A120 /* BaseCoordinator+.swift in Sources */ = {isa = PBXBuildFile; fileRef = 875DDE21222FC2FD0098A120 /* BaseCoordinator+.swift */; };
		875EA20022375CF200472810 /* TabDetailViewController.swift in Sources */ = {isa = PBXBuildFile; fileRef = 875EA1FF22375CF200472810 /* TabDetailViewController.swift */; };
		875EA20222375D0A00472810 /* TabDetailViewModel.swift in Sources */ = {isa = PBXBuildFile; fileRef = 875EA20122375D0A00472810 /* TabDetailViewModel.swift */; };
		875EA20422375D1F00472810 /* TabDetailCoordinator.swift in Sources */ = {isa = PBXBuildFile; fileRef = 875EA20322375D1F00472810 /* TabDetailCoordinator.swift */; };
/* End PBXBuildFile section */

/* Begin PBXContainerItemProxy section */
		7286FB5A222E3FE900538946 /* PBXContainerItemProxy */ = {
			isa = PBXContainerItemProxy;
			containerPortal = 7286FB3D222E3FE700538946 /* Project object */;
			proxyType = 1;
			remoteGlobalIDString = 7286FB44222E3FE700538946;
			remoteInfo = "Coordinator-MVVM-Rx-Example";
		};
/* End PBXContainerItemProxy section */

/* Begin PBXFileReference section */
		012C4A1325416007006E094A /* TestViewController.swift */ = {isa = PBXFileReference; lastKnownFileType = sourcecode.swift; path = TestViewController.swift; sourceTree = "<group>"; };
		012C4A172541602C006E094A /* TestCoordinator.swift */ = {isa = PBXFileReference; lastKnownFileType = sourcecode.swift; path = TestCoordinator.swift; sourceTree = "<group>"; };
		012C4A1B25416043006E094A /* TestViewModel.swift */ = {isa = PBXFileReference; lastKnownFileType = sourcecode.swift; path = TestViewModel.swift; sourceTree = "<group>"; };
		016E7AE58E3DD0F13050F2D4 /* Pods-Coordinator-MVVM-Rx-Example.debug.xcconfig */ = {isa = PBXFileReference; includeInIndex = 1; lastKnownFileType = text.xcconfig; name = "Pods-Coordinator-MVVM-Rx-Example.debug.xcconfig"; path = "Pods/Target Support Files/Pods-Coordinator-MVVM-Rx-Example/Pods-Coordinator-MVVM-Rx-Example.debug.xcconfig"; sourceTree = "<group>"; };
		727583EC626F20C81CF1E951 /* Pods-Coordinator-MVVM-Rx-Example.release.xcconfig */ = {isa = PBXFileReference; includeInIndex = 1; lastKnownFileType = text.xcconfig; name = "Pods-Coordinator-MVVM-Rx-Example.release.xcconfig"; path = "Pods/Target Support Files/Pods-Coordinator-MVVM-Rx-Example/Pods-Coordinator-MVVM-Rx-Example.release.xcconfig"; sourceTree = "<group>"; };
		7286FB45222E3FE700538946 /* Coordinator-MVVM-Rx-Example.app */ = {isa = PBXFileReference; explicitFileType = wrapper.application; includeInIndex = 0; path = "Coordinator-MVVM-Rx-Example.app"; sourceTree = BUILT_PRODUCTS_DIR; };
		7286FB48222E3FE700538946 /* AppDelegate.swift */ = {isa = PBXFileReference; lastKnownFileType = sourcecode.swift; path = AppDelegate.swift; sourceTree = "<group>"; };
		7286FB4D222E3FE700538946 /* Base */ = {isa = PBXFileReference; lastKnownFileType = file.storyboard; name = Base; path = Base.lproj/Main.storyboard; sourceTree = "<group>"; };
		7286FB4F222E3FE900538946 /* Assets.xcassets */ = {isa = PBXFileReference; lastKnownFileType = folder.assetcatalog; path = Assets.xcassets; sourceTree = "<group>"; };
		7286FB52222E3FE900538946 /* Base */ = {isa = PBXFileReference; lastKnownFileType = file.storyboard; name = Base; path = Base.lproj/LaunchScreen.storyboard; sourceTree = "<group>"; };
		7286FB54222E3FE900538946 /* Info.plist */ = {isa = PBXFileReference; lastKnownFileType = text.plist.xml; path = Info.plist; sourceTree = "<group>"; };
		7286FB59222E3FE900538946 /* Coordinator-MVVM-Rx-ExampleTests.xctest */ = {isa = PBXFileReference; explicitFileType = wrapper.cfbundle; includeInIndex = 0; path = "Coordinator-MVVM-Rx-ExampleTests.xctest"; sourceTree = BUILT_PRODUCTS_DIR; };
		7286FB5D222E3FE900538946 /* Coordinator_MVVM_Rx_ExampleTests.swift */ = {isa = PBXFileReference; lastKnownFileType = sourcecode.swift; path = Coordinator_MVVM_Rx_ExampleTests.swift; sourceTree = "<group>"; };
		7286FB5F222E3FE900538946 /* Info.plist */ = {isa = PBXFileReference; lastKnownFileType = text.plist.xml; path = Info.plist; sourceTree = "<group>"; };
		7286FB6F222E431100538946 /* LoginViewController.swift */ = {isa = PBXFileReference; lastKnownFileType = sourcecode.swift; path = LoginViewController.swift; sourceTree = "<group>"; };
		7286FB71222E43B900538946 /* LoginViewModel.swift */ = {isa = PBXFileReference; lastKnownFileType = sourcecode.swift; path = LoginViewModel.swift; sourceTree = "<group>"; };
		7286FB73222E444E00538946 /* Podfile */ = {isa = PBXFileReference; fileEncoding = 4; lastKnownFileType = text; path = Podfile; sourceTree = "<group>"; xcLanguageSpecificationIdentifier = xcode.lang.ruby; };
		7286FB75222E48A100538946 /* LoginCoordinator.swift */ = {isa = PBXFileReference; lastKnownFileType = sourcecode.swift; path = LoginCoordinator.swift; sourceTree = "<group>"; };
		7286FB78222E496900538946 /* BaseCoordinator.swift */ = {isa = PBXFileReference; fileEncoding = 4; lastKnownFileType = sourcecode.swift; path = BaseCoordinator.swift; sourceTree = "<group>"; };
		7286FB7A222E49FC00538946 /* AppCoordinator.swift */ = {isa = PBXFileReference; fileEncoding = 4; lastKnownFileType = sourcecode.swift; path = AppCoordinator.swift; sourceTree = "<group>"; };
		7286FB7D222E4F7700538946 /* StoryboardInitializable.swift */ = {isa = PBXFileReference; fileEncoding = 4; lastKnownFileType = sourcecode.swift; path = StoryboardInitializable.swift; sourceTree = "<group>"; };
		7286FB83222E515200538946 /* Storyboard.swift */ = {isa = PBXFileReference; lastKnownFileType = sourcecode.swift; path = Storyboard.swift; sourceTree = "<group>"; };
		7286FB85222E727100538946 /* MainViewController.swift */ = {isa = PBXFileReference; lastKnownFileType = sourcecode.swift; path = MainViewController.swift; sourceTree = "<group>"; };
		7286FB87222E72A900538946 /* MainViewModel.swift */ = {isa = PBXFileReference; lastKnownFileType = sourcecode.swift; path = MainViewModel.swift; sourceTree = "<group>"; };
		7286FB89222E73F800538946 /* MainCoordinator.swift */ = {isa = PBXFileReference; lastKnownFileType = sourcecode.swift; path = MainCoordinator.swift; sourceTree = "<group>"; };
		728A2602222F882D00654DAE /* LeftTabViewController.swift */ = {isa = PBXFileReference; lastKnownFileType = sourcecode.swift; path = LeftTabViewController.swift; sourceTree = "<group>"; };
		728A2604222F884400654DAE /* LeftTabViewModel.swift */ = {isa = PBXFileReference; lastKnownFileType = sourcecode.swift; path = LeftTabViewModel.swift; sourceTree = "<group>"; };
		728A2606222F88B900654DAE /* RightTabViewController.swift */ = {isa = PBXFileReference; lastKnownFileType = sourcecode.swift; path = RightTabViewController.swift; sourceTree = "<group>"; };
		728A2608222F88C500654DAE /* RightTabViewModel.swift */ = {isa = PBXFileReference; lastKnownFileType = sourcecode.swift; path = RightTabViewModel.swift; sourceTree = "<group>"; };
		728A260A222F8AD800654DAE /* LeftTabCoordinator.swift */ = {isa = PBXFileReference; lastKnownFileType = sourcecode.swift; path = LeftTabCoordinator.swift; sourceTree = "<group>"; };
		728A260C222F8AE600654DAE /* RightTabCoordinator.swift */ = {isa = PBXFileReference; lastKnownFileType = sourcecode.swift; path = RightTabCoordinator.swift; sourceTree = "<group>"; };
		875DDE21222FC2FD0098A120 /* BaseCoordinator+.swift */ = {isa = PBXFileReference; lastKnownFileType = sourcecode.swift; path = "BaseCoordinator+.swift"; sourceTree = "<group>"; };
		875EA1FF22375CF200472810 /* TabDetailViewController.swift */ = {isa = PBXFileReference; lastKnownFileType = sourcecode.swift; path = TabDetailViewController.swift; sourceTree = "<group>"; };
		875EA20122375D0A00472810 /* TabDetailViewModel.swift */ = {isa = PBXFileReference; lastKnownFileType = sourcecode.swift; path = TabDetailViewModel.swift; sourceTree = "<group>"; };
		875EA20322375D1F00472810 /* TabDetailCoordinator.swift */ = {isa = PBXFileReference; lastKnownFileType = sourcecode.swift; path = TabDetailCoordinator.swift; sourceTree = "<group>"; };
		FDB20983AEF639B55B68FDE9 /* Pods_Coordinator_MVVM_Rx_Example.framework */ = {isa = PBXFileReference; explicitFileType = wrapper.framework; includeInIndex = 0; path = Pods_Coordinator_MVVM_Rx_Example.framework; sourceTree = BUILT_PRODUCTS_DIR; };
/* End PBXFileReference section */

/* Begin PBXFrameworksBuildPhase section */
		7286FB42222E3FE700538946 /* Frameworks */ = {
			isa = PBXFrameworksBuildPhase;
			buildActionMask = 2147483647;
			files = (
				6CE444880186959382D0ACF7 /* Pods_Coordinator_MVVM_Rx_Example.framework in Frameworks */,
			);
			runOnlyForDeploymentPostprocessing = 0;
		};
		7286FB56222E3FE900538946 /* Frameworks */ = {
			isa = PBXFrameworksBuildPhase;
			buildActionMask = 2147483647;
			files = (
			);
			runOnlyForDeploymentPostprocessing = 0;
		};
/* End PBXFrameworksBuildPhase section */

/* Begin PBXGroup section */
		012C4A1225415FCD006E094A /* Pagetest */ = {
			isa = PBXGroup;
			children = (
				012C4A1325416007006E094A /* TestViewController.swift */,
				012C4A172541602C006E094A /* TestCoordinator.swift */,
				012C4A1B25416043006E094A /* TestViewModel.swift */,
			);
			path = Pagetest;
			sourceTree = "<group>";
		};
		7286FB3C222E3FE700538946 = {
			isa = PBXGroup;
			children = (
				7286FB73222E444E00538946 /* Podfile */,
				7286FB47222E3FE700538946 /* Coordinator-MVVM-Rx-Example */,
				7286FB5C222E3FE900538946 /* Coordinator-MVVM-Rx-ExampleTests */,
				7286FB46222E3FE700538946 /* Products */,
				BC1B2B23DBE1CFAC300F0959 /* Pods */,
				72919CBACE3E22D5FEA00BB3 /* Frameworks */,
			);
			sourceTree = "<group>";
		};
		7286FB46222E3FE700538946 /* Products */ = {
			isa = PBXGroup;
			children = (
				7286FB45222E3FE700538946 /* Coordinator-MVVM-Rx-Example.app */,
				7286FB59222E3FE900538946 /* Coordinator-MVVM-Rx-ExampleTests.xctest */,
			);
			name = Products;
			sourceTree = "<group>";
		};
		7286FB47222E3FE700538946 /* Coordinator-MVVM-Rx-Example */ = {
			isa = PBXGroup;
			children = (
				7286FB69222E402C00538946 /* Commons */,
				7286FB82222E513300538946 /* Define */,
				7286FB6B222E408A00538946 /* App */,
				7286FB68222E402200538946 /* Scenes */,
				7286FB6A222E403800538946 /* Resources */,
			);
			path = "Coordinator-MVVM-Rx-Example";
			sourceTree = "<group>";
		};
		7286FB5C222E3FE900538946 /* Coordinator-MVVM-Rx-ExampleTests */ = {
			isa = PBXGroup;
			children = (
				7286FB5D222E3FE900538946 /* Coordinator_MVVM_Rx_ExampleTests.swift */,
				7286FB5F222E3FE900538946 /* Info.plist */,
			);
			path = "Coordinator-MVVM-Rx-ExampleTests";
			sourceTree = "<group>";
		};
		7286FB68222E402200538946 /* Scenes */ = {
			isa = PBXGroup;
			children = (
				012C4A1225415FCD006E094A /* Pagetest */,
				7286FB6C222E42D200538946 /* Login */,
				7286FB6D222E42DA00538946 /* Main */,
				728A2600222F828000654DAE /* LeftTab */,
				728A2601222F828E00654DAE /* RightTab */,
				873B21DE22327825000EAB33 /* TabDetail */,
			);
			path = Scenes;
			sourceTree = "<group>";
		};
		7286FB69222E402C00538946 /* Commons */ = {
			isa = PBXGroup;
			children = (
				7286FB7C222E4F6800538946 /* Storyboard */,
				7286FB77222E490F00538946 /* Architecture */,
			);
			path = Commons;
			sourceTree = "<group>";
		};
		7286FB6A222E403800538946 /* Resources */ = {
			isa = PBXGroup;
			children = (
				7286FB4C222E3FE700538946 /* Main.storyboard */,
				7286FB4F222E3FE900538946 /* Assets.xcassets */,
				7286FB51222E3FE900538946 /* LaunchScreen.storyboard */,
				7286FB54222E3FE900538946 /* Info.plist */,
			);
			path = Resources;
			sourceTree = "<group>";
		};
		7286FB6B222E408A00538946 /* App */ = {
			isa = PBXGroup;
			children = (
				7286FB48222E3FE700538946 /* AppDelegate.swift */,
				7286FB7A222E49FC00538946 /* AppCoordinator.swift */,
			);
			path = App;
			sourceTree = "<group>";
		};
		7286FB6C222E42D200538946 /* Login */ = {
			isa = PBXGroup;
			children = (
				7286FB6F222E431100538946 /* LoginViewController.swift */,
				7286FB71222E43B900538946 /* LoginViewModel.swift */,
				7286FB75222E48A100538946 /* LoginCoordinator.swift */,
			);
			path = Login;
			sourceTree = "<group>";
		};
		7286FB6D222E42DA00538946 /* Main */ = {
			isa = PBXGroup;
			children = (
				7286FB85222E727100538946 /* MainViewController.swift */,
				7286FB87222E72A900538946 /* MainViewModel.swift */,
				7286FB89222E73F800538946 /* MainCoordinator.swift */,
			);
			path = Main;
			sourceTree = "<group>";
		};
		7286FB77222E490F00538946 /* Architecture */ = {
			isa = PBXGroup;
			children = (
				7286FB78222E496900538946 /* BaseCoordinator.swift */,
				875DDE21222FC2FD0098A120 /* BaseCoordinator+.swift */,
			);
			path = Architecture;
			sourceTree = "<group>";
		};
		7286FB7C222E4F6800538946 /* Storyboard */ = {
			isa = PBXGroup;
			children = (
				7286FB7D222E4F7700538946 /* StoryboardInitializable.swift */,
			);
			path = Storyboard;
			sourceTree = "<group>";
		};
		7286FB82222E513300538946 /* Define */ = {
			isa = PBXGroup;
			children = (
				7286FB83222E515200538946 /* Storyboard.swift */,
			);
			path = Define;
			sourceTree = "<group>";
		};
		728A2600222F828000654DAE /* LeftTab */ = {
			isa = PBXGroup;
			children = (
				728A2602222F882D00654DAE /* LeftTabViewController.swift */,
				728A2604222F884400654DAE /* LeftTabViewModel.swift */,
				728A260A222F8AD800654DAE /* LeftTabCoordinator.swift */,
			);
			path = LeftTab;
			sourceTree = "<group>";
		};
		728A2601222F828E00654DAE /* RightTab */ = {
			isa = PBXGroup;
			children = (
				728A2606222F88B900654DAE /* RightTabViewController.swift */,
				728A2608222F88C500654DAE /* RightTabViewModel.swift */,
				728A260C222F8AE600654DAE /* RightTabCoordinator.swift */,
			);
			path = RightTab;
			sourceTree = "<group>";
		};
		72919CBACE3E22D5FEA00BB3 /* Frameworks */ = {
			isa = PBXGroup;
			children = (
				FDB20983AEF639B55B68FDE9 /* Pods_Coordinator_MVVM_Rx_Example.framework */,
			);
			name = Frameworks;
			sourceTree = "<group>";
		};
		873B21DE22327825000EAB33 /* TabDetail */ = {
			isa = PBXGroup;
			children = (
				875EA1FF22375CF200472810 /* TabDetailViewController.swift */,
				875EA20122375D0A00472810 /* TabDetailViewModel.swift */,
				875EA20322375D1F00472810 /* TabDetailCoordinator.swift */,
			);
			path = TabDetail;
			sourceTree = "<group>";
		};
		BC1B2B23DBE1CFAC300F0959 /* Pods */ = {
			isa = PBXGroup;
			children = (
				016E7AE58E3DD0F13050F2D4 /* Pods-Coordinator-MVVM-Rx-Example.debug.xcconfig */,
				727583EC626F20C81CF1E951 /* Pods-Coordinator-MVVM-Rx-Example.release.xcconfig */,
			);
			name = Pods;
			sourceTree = "<group>";
		};
/* End PBXGroup section */

/* Begin PBXNativeTarget section */
		7286FB44222E3FE700538946 /* Coordinator-MVVM-Rx-Example */ = {
			isa = PBXNativeTarget;
			buildConfigurationList = 7286FB62222E3FE900538946 /* Build configuration list for PBXNativeTarget "Coordinator-MVVM-Rx-Example" */;
			buildPhases = (
				AF7FD8403BDD424C990F461E /* [CP] Check Pods Manifest.lock */,
				7286FB41222E3FE700538946 /* Sources */,
				7286FB42222E3FE700538946 /* Frameworks */,
				7286FB43222E3FE700538946 /* Resources */,
				D8727671A10AF59F8582FF03 /* [CP] Embed Pods Frameworks */,
			);
			buildRules = (
			);
			dependencies = (
			);
			name = "Coordinator-MVVM-Rx-Example";
			productName = "Coordinator-MVVM-Rx-Example";
			productReference = 7286FB45222E3FE700538946 /* Coordinator-MVVM-Rx-Example.app */;
			productType = "com.apple.product-type.application";
		};
		7286FB58222E3FE900538946 /* Coordinator-MVVM-Rx-ExampleTests */ = {
			isa = PBXNativeTarget;
			buildConfigurationList = 7286FB65222E3FE900538946 /* Build configuration list for PBXNativeTarget "Coordinator-MVVM-Rx-ExampleTests" */;
			buildPhases = (
				7286FB55222E3FE900538946 /* Sources */,
				7286FB56222E3FE900538946 /* Frameworks */,
				7286FB57222E3FE900538946 /* Resources */,
			);
			buildRules = (
			);
			dependencies = (
				7286FB5B222E3FE900538946 /* PBXTargetDependency */,
			);
			name = "Coordinator-MVVM-Rx-ExampleTests";
			productName = "Coordinator-MVVM-Rx-ExampleTests";
			productReference = 7286FB59222E3FE900538946 /* Coordinator-MVVM-Rx-ExampleTests.xctest */;
			productType = "com.apple.product-type.bundle.unit-test";
		};
/* End PBXNativeTarget section */

/* Begin PBXProject section */
		7286FB3D222E3FE700538946 /* Project object */ = {
			isa = PBXProject;
			attributes = {
				LastSwiftUpdateCheck = 1010;
				LastUpgradeCheck = 1010;
				ORGANIZATIONNAME = DayDreamClover;
				TargetAttributes = {
					7286FB44222E3FE700538946 = {
						CreatedOnToolsVersion = 10.1;
					};
					7286FB58222E3FE900538946 = {
						CreatedOnToolsVersion = 10.1;
						TestTargetID = 7286FB44222E3FE700538946;
					};
				};
			};
			buildConfigurationList = 7286FB40222E3FE700538946 /* Build configuration list for PBXProject "Coordinator-MVVM-Rx-Example" */;
			compatibilityVersion = "Xcode 9.3";
			developmentRegion = en;
			hasScannedForEncodings = 0;
			knownRegions = (
				en,
				Base,
			);
			mainGroup = 7286FB3C222E3FE700538946;
			productRefGroup = 7286FB46222E3FE700538946 /* Products */;
			projectDirPath = "";
			projectRoot = "";
			targets = (
				7286FB44222E3FE700538946 /* Coordinator-MVVM-Rx-Example */,
				7286FB58222E3FE900538946 /* Coordinator-MVVM-Rx-ExampleTests */,
			);
		};
/* End PBXProject section */

/* Begin PBXResourcesBuildPhase section */
		7286FB43222E3FE700538946 /* Resources */ = {
			isa = PBXResourcesBuildPhase;
			buildActionMask = 2147483647;
			files = (
				7286FB53222E3FE900538946 /* LaunchScreen.storyboard in Resources */,
				7286FB50222E3FE900538946 /* Assets.xcassets in Resources */,
				7286FB74222E444E00538946 /* Podfile in Resources */,
				7286FB4E222E3FE700538946 /* Main.storyboard in Resources */,
			);
			runOnlyForDeploymentPostprocessing = 0;
		};
		7286FB57222E3FE900538946 /* Resources */ = {
			isa = PBXResourcesBuildPhase;
			buildActionMask = 2147483647;
			files = (
			);
			runOnlyForDeploymentPostprocessing = 0;
		};
/* End PBXResourcesBuildPhase section */

/* Begin PBXShellScriptBuildPhase section */
		AF7FD8403BDD424C990F461E /* [CP] Check Pods Manifest.lock */ = {
			isa = PBXShellScriptBuildPhase;
			buildActionMask = 2147483647;
			files = (
			);
			inputPaths = (
				"${PODS_PODFILE_DIR_PATH}/Podfile.lock",
				"${PODS_ROOT}/Manifest.lock",
			);
			name = "[CP] Check Pods Manifest.lock";
			outputPaths = (
				"$(DERIVED_FILE_DIR)/Pods-Coordinator-MVVM-Rx-Example-checkManifestLockResult.txt",
			);
			runOnlyForDeploymentPostprocessing = 0;
			shellPath = /bin/sh;
			shellScript = "diff \"${PODS_PODFILE_DIR_PATH}/Podfile.lock\" \"${PODS_ROOT}/Manifest.lock\" > /dev/null\nif [ $? != 0 ] ; then\n    # print error to STDERR\n    echo \"error: The sandbox is not in sync with the Podfile.lock. Run 'pod install' or update your CocoaPods installation.\" >&2\n    exit 1\nfi\n# This output is used by Xcode 'outputs' to avoid re-running this script phase.\necho \"SUCCESS\" > \"${SCRIPT_OUTPUT_FILE_0}\"\n";
			showEnvVarsInLog = 0;
		};
		D8727671A10AF59F8582FF03 /* [CP] Embed Pods Frameworks */ = {
			isa = PBXShellScriptBuildPhase;
			buildActionMask = 2147483647;
			files = (
			);
			inputPaths = (
				"${SRCROOT}/Pods/Target Support Files/Pods-Coordinator-MVVM-Rx-Example/Pods-Coordinator-MVVM-Rx-Example-frameworks.sh",
				"${BUILT_PRODUCTS_DIR}/RxAtomic/RxAtomic.framework",
				"${BUILT_PRODUCTS_DIR}/RxCocoa/RxCocoa.framework",
				"${BUILT_PRODUCTS_DIR}/RxSwift/RxSwift.framework",
			);
			name = "[CP] Embed Pods Frameworks";
			outputPaths = (
				"${TARGET_BUILD_DIR}/${FRAMEWORKS_FOLDER_PATH}/RxAtomic.framework",
				"${TARGET_BUILD_DIR}/${FRAMEWORKS_FOLDER_PATH}/RxCocoa.framework",
				"${TARGET_BUILD_DIR}/${FRAMEWORKS_FOLDER_PATH}/RxSwift.framework",
			);
			runOnlyForDeploymentPostprocessing = 0;
			shellPath = /bin/sh;
			shellScript = "\"${SRCROOT}/Pods/Target Support Files/Pods-Coordinator-MVVM-Rx-Example/Pods-Coordinator-MVVM-Rx-Example-frameworks.sh\"\n";
			showEnvVarsInLog = 0;
		};
/* End PBXShellScriptBuildPhase section */

/* Begin PBXSourcesBuildPhase section */
		7286FB41222E3FE700538946 /* Sources */ = {
			isa = PBXSourcesBuildPhase;
			buildActionMask = 2147483647;
			files = (
				728A2609222F88C500654DAE /* RightTabViewModel.swift in Sources */,
				875EA20222375D0A00472810 /* TabDetailViewModel.swift in Sources */,
				012C4A1425416007006E094A /* TestViewController.swift in Sources */,
				7286FB7E222E4F7700538946 /* StoryboardInitializable.swift in Sources */,
				7286FB72222E43B900538946 /* LoginViewModel.swift in Sources */,
				728A2605222F884400654DAE /* LeftTabViewModel.swift in Sources */,
				012C4A182541602C006E094A /* TestCoordinator.swift in Sources */,
				7286FB79222E496900538946 /* BaseCoordinator.swift in Sources */,
				7286FB70222E431100538946 /* LoginViewController.swift in Sources */,
				728A2607222F88B900654DAE /* RightTabViewController.swift in Sources */,
				875EA20422375D1F00472810 /* TabDetailCoordinator.swift in Sources */,
				875DDE22222FC2FE0098A120 /* BaseCoordinator+.swift in Sources */,
				7286FB84222E515200538946 /* Storyboard.swift in Sources */,
				7286FB8A222E73F800538946 /* MainCoordinator.swift in Sources */,
				728A260B222F8AD800654DAE /* LeftTabCoordinator.swift in Sources */,
				7286FB88222E72A900538946 /* MainViewModel.swift in Sources */,
				728A260D222F8AE600654DAE /* RightTabCoordinator.swift in Sources */,
				7286FB76222E48A100538946 /* LoginCoordinator.swift in Sources */,
				012C4A1C25416043006E094A /* TestViewModel.swift in Sources */,
				7286FB86222E727100538946 /* MainViewController.swift in Sources */,
				7286FB49222E3FE700538946 /* AppDelegate.swift in Sources */,
				875EA20022375CF200472810 /* TabDetailViewController.swift in Sources */,
				7286FB7B222E49FC00538946 /* AppCoordinator.swift in Sources */,
				728A2603222F882D00654DAE /* LeftTabViewController.swift in Sources */,
			);
			runOnlyForDeploymentPostprocessing = 0;
		};
		7286FB55222E3FE900538946 /* Sources */ = {
			isa = PBXSourcesBuildPhase;
			buildActionMask = 2147483647;
			files = (
				7286FB5E222E3FE900538946 /* Coordinator_MVVM_Rx_ExampleTests.swift in Sources */,
			);
			runOnlyForDeploymentPostprocessing = 0;
		};
/* End PBXSourcesBuildPhase section */

/* Begin PBXTargetDependency section */
		7286FB5B222E3FE900538946 /* PBXTargetDependency */ = {
			isa = PBXTargetDependency;
			target = 7286FB44222E3FE700538946 /* Coordinator-MVVM-Rx-Example */;
			targetProxy = 7286FB5A222E3FE900538946 /* PBXContainerItemProxy */;
		};
/* End PBXTargetDependency section */

/* Begin PBXVariantGroup section */
		7286FB4C222E3FE700538946 /* Main.storyboard */ = {
			isa = PBXVariantGroup;
			children = (
				7286FB4D222E3FE700538946 /* Base */,
			);
			name = Main.storyboard;
			sourceTree = "<group>";
		};
		7286FB51222E3FE900538946 /* LaunchScreen.storyboard */ = {
			isa = PBXVariantGroup;
			children = (
				7286FB52222E3FE900538946 /* Base */,
			);
			name = LaunchScreen.storyboard;
			sourceTree = "<group>";
		};
/* End PBXVariantGroup section */

/* Begin XCBuildConfiguration section */
		7286FB60222E3FE900538946 /* Debug */ = {
			isa = XCBuildConfiguration;
			buildSettings = {
				ALWAYS_SEARCH_USER_PATHS = NO;
				CLANG_ANALYZER_NONNULL = YES;
				CLANG_ANALYZER_NUMBER_OBJECT_CONVERSION = YES_AGGRESSIVE;
				CLANG_CXX_LANGUAGE_STANDARD = "gnu++14";
				CLANG_CXX_LIBRARY = "libc++";
				CLANG_ENABLE_MODULES = YES;
				CLANG_ENABLE_OBJC_ARC = YES;
				CLANG_ENABLE_OBJC_WEAK = YES;
				CLANG_WARN_BLOCK_CAPTURE_AUTORELEASING = YES;
				CLANG_WARN_BOOL_CONVERSION = YES;
				CLANG_WARN_COMMA = YES;
				CLANG_WARN_CONSTANT_CONVERSION = YES;
				CLANG_WARN_DEPRECATED_OBJC_IMPLEMENTATIONS = YES;
				CLANG_WARN_DIRECT_OBJC_ISA_USAGE = YES_ERROR;
				CLANG_WARN_DOCUMENTATION_COMMENTS = YES;
				CLANG_WARN_EMPTY_BODY = YES;
				CLANG_WARN_ENUM_CONVERSION = YES;
				CLANG_WARN_INFINITE_RECURSION = YES;
				CLANG_WARN_INT_CONVERSION = YES;
				CLANG_WARN_NON_LITERAL_NULL_CONVERSION = YES;
				CLANG_WARN_OBJC_IMPLICIT_RETAIN_SELF = YES;
				CLANG_WARN_OBJC_LITERAL_CONVERSION = YES;
				CLANG_WARN_OBJC_ROOT_CLASS = YES_ERROR;
				CLANG_WARN_RANGE_LOOP_ANALYSIS = YES;
				CLANG_WARN_STRICT_PROTOTYPES = YES;
				CLANG_WARN_SUSPICIOUS_MOVE = YES;
				CLANG_WARN_UNGUARDED_AVAILABILITY = YES_AGGRESSIVE;
				CLANG_WARN_UNREACHABLE_CODE = YES;
				CLANG_WARN__DUPLICATE_METHOD_MATCH = YES;
				CODE_SIGN_IDENTITY = "iPhone Developer";
				COPY_PHASE_STRIP = NO;
				DEBUG_INFORMATION_FORMAT = dwarf;
				ENABLE_STRICT_OBJC_MSGSEND = YES;
				ENABLE_TESTABILITY = YES;
				GCC_C_LANGUAGE_STANDARD = gnu11;
				GCC_DYNAMIC_NO_PIC = NO;
				GCC_NO_COMMON_BLOCKS = YES;
				GCC_OPTIMIZATION_LEVEL = 0;
				GCC_PREPROCESSOR_DEFINITIONS = (
					"DEBUG=1",
					"$(inherited)",
				);
				GCC_WARN_64_TO_32_BIT_CONVERSION = YES;
				GCC_WARN_ABOUT_RETURN_TYPE = YES_ERROR;
				GCC_WARN_UNDECLARED_SELECTOR = YES;
				GCC_WARN_UNINITIALIZED_AUTOS = YES_AGGRESSIVE;
				GCC_WARN_UNUSED_FUNCTION = YES;
				GCC_WARN_UNUSED_VARIABLE = YES;
				IPHONEOS_DEPLOYMENT_TARGET = 12.1;
				MTL_ENABLE_DEBUG_INFO = INCLUDE_SOURCE;
				MTL_FAST_MATH = YES;
				ONLY_ACTIVE_ARCH = YES;
				SDKROOT = iphoneos;
				SWIFT_ACTIVE_COMPILATION_CONDITIONS = DEBUG;
				SWIFT_OPTIMIZATION_LEVEL = "-Onone";
			};
			name = Debug;
		};
		7286FB61222E3FE900538946 /* Release */ = {
			isa = XCBuildConfiguration;
			buildSettings = {
				ALWAYS_SEARCH_USER_PATHS = NO;
				CLANG_ANALYZER_NONNULL = YES;
				CLANG_ANALYZER_NUMBER_OBJECT_CONVERSION = YES_AGGRESSIVE;
				CLANG_CXX_LANGUAGE_STANDARD = "gnu++14";
				CLANG_CXX_LIBRARY = "libc++";
				CLANG_ENABLE_MODULES = YES;
				CLANG_ENABLE_OBJC_ARC = YES;
				CLANG_ENABLE_OBJC_WEAK = YES;
				CLANG_WARN_BLOCK_CAPTURE_AUTORELEASING = YES;
				CLANG_WARN_BOOL_CONVERSION = YES;
				CLANG_WARN_COMMA = YES;
				CLANG_WARN_CONSTANT_CONVERSION = YES;
				CLANG_WARN_DEPRECATED_OBJC_IMPLEMENTATIONS = YES;
				CLANG_WARN_DIRECT_OBJC_ISA_USAGE = YES_ERROR;
				CLANG_WARN_DOCUMENTATION_COMMENTS = YES;
				CLANG_WARN_EMPTY_BODY = YES;
				CLANG_WARN_ENUM_CONVERSION = YES;
				CLANG_WARN_INFINITE_RECURSION = YES;
				CLANG_WARN_INT_CONVERSION = YES;
				CLANG_WARN_NON_LITERAL_NULL_CONVERSION = YES;
				CLANG_WARN_OBJC_IMPLICIT_RETAIN_SELF = YES;
				CLANG_WARN_OBJC_LITERAL_CONVERSION = YES;
				CLANG_WARN_OBJC_ROOT_CLASS = YES_ERROR;
				CLANG_WARN_RANGE_LOOP_ANALYSIS = YES;
				CLANG_WARN_STRICT_PROTOTYPES = YES;
				CLANG_WARN_SUSPICIOUS_MOVE = YES;
				CLANG_WARN_UNGUARDED_AVAILABILITY = YES_AGGRESSIVE;
				CLANG_WARN_UNREACHABLE_CODE = YES;
				CLANG_WARN__DUPLICATE_METHOD_MATCH = YES;
				CODE_SIGN_IDENTITY = "iPhone Developer";
				COPY_PHASE_STRIP = NO;
				DEBUG_INFORMATION_FORMAT = "dwarf-with-dsym";
				ENABLE_NS_ASSERTIONS = NO;
				ENABLE_STRICT_OBJC_MSGSEND = YES;
				GCC_C_LANGUAGE_STANDARD = gnu11;
				GCC_NO_COMMON_BLOCKS = YES;
				GCC_WARN_64_TO_32_BIT_CONVERSION = YES;
				GCC_WARN_ABOUT_RETURN_TYPE = YES_ERROR;
				GCC_WARN_UNDECLARED_SELECTOR = YES;
				GCC_WARN_UNINITIALIZED_AUTOS = YES_AGGRESSIVE;
				GCC_WARN_UNUSED_FUNCTION = YES;
				GCC_WARN_UNUSED_VARIABLE = YES;
				IPHONEOS_DEPLOYMENT_TARGET = 12.1;
				MTL_ENABLE_DEBUG_INFO = NO;
				MTL_FAST_MATH = YES;
				SDKROOT = iphoneos;
				SWIFT_COMPILATION_MODE = wholemodule;
				SWIFT_OPTIMIZATION_LEVEL = "-O";
				VALIDATE_PRODUCT = YES;
			};
			name = Release;
		};
		7286FB63222E3FE900538946 /* Debug */ = {
			isa = XCBuildConfiguration;
			baseConfigurationReference = 016E7AE58E3DD0F13050F2D4 /* Pods-Coordinator-MVVM-Rx-Example.debug.xcconfig */;
			buildSettings = {
				ASSETCATALOG_COMPILER_APPICON_NAME = AppIcon;
				CODE_SIGN_STYLE = Automatic;
				DEVELOPMENT_TEAM = PDE65S5MLH;
				INFOPLIST_FILE = "$(SRCROOT)/Coordinator-MVVM-Rx-Example/Resources/Info.plist";
				IPHONEOS_DEPLOYMENT_TARGET = 10.0;
				LD_RUNPATH_SEARCH_PATHS = (
					"$(inherited)",
					"@executable_path/Frameworks",
				);
				PRODUCT_BUNDLE_IDENTIFIER = "com.xAdmin.Coordinator-MVVM-Rx-Example";
				PRODUCT_NAME = "$(TARGET_NAME)";
				SWIFT_VERSION = 4.2;
				TARGETED_DEVICE_FAMILY = "1,2";
			};
			name = Debug;
		};
		7286FB64222E3FE900538946 /* Release */ = {
			isa = XCBuildConfiguration;
			baseConfigurationReference = 727583EC626F20C81CF1E951 /* Pods-Coordinator-MVVM-Rx-Example.release.xcconfig */;
			buildSettings = {
				ASSETCATALOG_COMPILER_APPICON_NAME = AppIcon;
				CODE_SIGN_STYLE = Automatic;
				DEVELOPMENT_TEAM = PDE65S5MLH;
				INFOPLIST_FILE = "$(SRCROOT)/Coordinator-MVVM-Rx-Example/Resources/Info.plist";
				IPHONEOS_DEPLOYMENT_TARGET = 10.0;
				LD_RUNPATH_SEARCH_PATHS = (
					"$(inherited)",
					"@executable_path/Frameworks",
				);
				PRODUCT_BUNDLE_IDENTIFIER = "com.xAdmin.Coordinator-MVVM-Rx-Example";
				PRODUCT_NAME = "$(TARGET_NAME)";
				SWIFT_VERSION = 4.2;
				TARGETED_DEVICE_FAMILY = "1,2";
			};
			name = Release;
		};
		7286FB66222E3FE900538946 /* Debug */ = {
			isa = XCBuildConfiguration;
			buildSettings = {
				ALWAYS_EMBED_SWIFT_STANDARD_LIBRARIES = YES;
				BUNDLE_LOADER = "$(TEST_HOST)";
				CODE_SIGN_STYLE = Automatic;
				DEVELOPMENT_TEAM = PDE65S5MLH;
				INFOPLIST_FILE = "Coordinator-MVVM-Rx-ExampleTests/Info.plist";
				LD_RUNPATH_SEARCH_PATHS = (
					"$(inherited)",
					"@executable_path/Frameworks",
					"@loader_path/Frameworks",
				);
				PRODUCT_BUNDLE_IDENTIFIER = "com.daydreamclover.Coordinator-MVVM-Rx-ExampleTests";
				PRODUCT_NAME = "$(TARGET_NAME)";
				SWIFT_VERSION = 4.2;
				TARGETED_DEVICE_FAMILY = "1,2";
				TEST_HOST = "$(BUILT_PRODUCTS_DIR)/Coordinator-MVVM-Rx-Example.app/Coordinator-MVVM-Rx-Example";
			};
			name = Debug;
		};
		7286FB67222E3FE900538946 /* Release */ = {
			isa = XCBuildConfiguration;
			buildSettings = {
				ALWAYS_EMBED_SWIFT_STANDARD_LIBRARIES = YES;
				BUNDLE_LOADER = "$(TEST_HOST)";
				CODE_SIGN_STYLE = Automatic;
				DEVELOPMENT_TEAM = PDE65S5MLH;
				INFOPLIST_FILE = "Coordinator-MVVM-Rx-ExampleTests/Info.plist";
				LD_RUNPATH_SEARCH_PATHS = (
					"$(inherited)",
					"@executable_path/Frameworks",
					"@loader_path/Frameworks",
				);
				PRODUCT_BUNDLE_IDENTIFIER = "com.daydreamclover.Coordinator-MVVM-Rx-ExampleTests";
				PRODUCT_NAME = "$(TARGET_NAME)";
				SWIFT_VERSION = 4.2;
				TARGETED_DEVICE_FAMILY = "1,2";
				TEST_HOST = "$(BUILT_PRODUCTS_DIR)/Coordinator-MVVM-Rx-Example.app/Coordinator-MVVM-Rx-Example";
			};
			name = Release;
		};
/* End XCBuildConfiguration section */

/* Begin XCConfigurationList section */
		7286FB40222E3FE700538946 /* Build configuration list for PBXProject "Coordinator-MVVM-Rx-Example" */ = {
			isa = XCConfigurationList;
			buildConfigurations = (
				7286FB60222E3FE900538946 /* Debug */,
				7286FB61222E3FE900538946 /* Release */,
			);
			defaultConfigurationIsVisible = 0;
			defaultConfigurationName = Release;
		};
		7286FB62222E3FE900538946 /* Build configuration list for PBXNativeTarget "Coordinator-MVVM-Rx-Example" */ = {
			isa = XCConfigurationList;
			buildConfigurations = (
				7286FB63222E3FE900538946 /* Debug */,
				7286FB64222E3FE900538946 /* Release */,
			);
			defaultConfigurationIsVisible = 0;
			defaultConfigurationName = Release;
		};
		7286FB65222E3FE900538946 /* Build configuration list for PBXNativeTarget "Coordinator-MVVM-Rx-ExampleTests" */ = {
			isa = XCConfigurationList;
			buildConfigurations = (
				7286FB66222E3FE900538946 /* Debug */,
				7286FB67222E3FE900538946 /* Release */,
			);
			defaultConfigurationIsVisible = 0;
			defaultConfigurationName = Release;
		};
/* End XCConfigurationList section */
	};
	rootObject = 7286FB3D222E3FE700538946 /* Project object */;
}
